
Microsoft Visual Studio Solution File, Format Version 10.00
# Visual Studio 2008
Project("{F184B08F-C81C-45F6-A57F-5ABD9991F28F}") = "movie_ticket_booking", "movie_ticket_booking\movie_ticket_booking.vbproj", "{EB9678F4-36A1-471A-87DF-D5DD8B1A6B51}"
EndProject
Global
	GlobalSection(SolutionConfigurationPlatforms) = preSolution
		Debug|Any CPU = Debug|Any CPU
		Debug|x86 = Debug|x86
		Release|Any CPU = Release|Any CPU
		Release|x86 = Release|x86
	EndGlobalSection
	GlobalSection(ProjectConfigurationPlatforms) = postSolution
		{EB9678F4-36A1-471A-87DF-D5DD8B1A6B51}.Debug|Any CPU.ActiveCfg = Debug|Any CPU
		{EB9678F4-36A1-471A-87DF-D5DD8B1A6B51}.Debug|Any CPU.Build.0 = Debug|Any CPU
		{EB9678F4-36A1-471A-87DF-D5DD8B1A6B51}.Debug|x86.ActiveCfg = Debug|x86
		{EB9678F4-36A1-471A-87DF-D5DD8B1A6B51}.Debug|x86.Build.0 = Debug|x86
		{EB9678F4-36A1-471A-87DF-D5DD8B1A6B51}.Release|Any CPU.ActiveCfg = Release|Any CPU
		{EB9678F4-36A1-471A-87DF-D5DD8B1A6B51}.Release|Any CPU.Build.0 = Release|Any CPU
		{EB9678F4-36A1-471A-87DF-D5DD8B1A6B51}.Release|x86.ActiveCfg = Release|x86
		{EB9678F4-36A1-471A-87DF-D5DD8B1A6B51}.Release|x86.Build.0 = Release|x86
	EndGlobalSection
	GlobalSection(SolutionProperties) = preSolution
		HideSolutionNode = FALSE
	EndGlobalSection
EndGlobal
